
Microsoft Visual Studio Solution File, Format Version 12.00
# Visual Studio Version 17
VisualStudioVersion = 17.3.32922.545
MinimumVisualStudioVersion = 10.0.40219.1
Project("{F2A71F9B-5D33-465A-A702-920D77279786}") = "laba9", "laba9\laba9.fsproj", "{242A1288-77E2-4147-9E0F-E1D569532E69}"
EndProject
Global
	GlobalSection(SolutionConfigurationPlatforms) = preSolution
		Debug|Any CPU = Debug|Any CPU
		Release|Any CPU = Release|Any CPU
	EndGlobalSection
	GlobalSection(ProjectConfigurationPlatforms) = postSolution
		{242A1288-77E2-4147-9E0F-E1D569532E69}.Debug|Any CPU.ActiveCfg = Debug|Any CPU
		{242A1288-77E2-4147-9E0F-E1D569532E69}.Debug|Any CPU.Build.0 = Debug|Any CPU
		{242A1288-77E2-4147-9E0F-E1D569532E69}.Release|Any CPU.ActiveCfg = Release|Any CPU
		{242A1288-77E2-4147-9E0F-E1D569532E69}.Release|Any CPU.Build.0 = Release|Any CPU
	EndGlobalSection
	GlobalSection(SolutionProperties) = preSolution
		HideSolutionNode = FALSE
	EndGlobalSection
	GlobalSection(ExtensibilityGlobals) = postSolution
		SolutionGuid = {0709FE23-DF0A-4A1F-A254-54532D89D8D4}
	EndGlobalSection
EndGlobal
