
Microsoft Visual Studio Solution File, Format Version 12.00
# Visual Studio Version 17
VisualStudioVersion = 17.3.32922.545
MinimumVisualStudioVersion = 10.0.40219.1
Project("{F2A71F9B-5D33-465A-A702-920D77279786}") = "laba10", "laba10\laba10.fsproj", "{10DA0BEC-E8D6-4CED-B39D-0D0FC335B82A}"
EndProject
Global
	GlobalSection(SolutionConfigurationPlatforms) = preSolution
		Debug|Any CPU = Debug|Any CPU
		Release|Any CPU = Release|Any CPU
	EndGlobalSection
	GlobalSection(ProjectConfigurationPlatforms) = postSolution
		{10DA0BEC-E8D6-4CED-B39D-0D0FC335B82A}.Debug|Any CPU.ActiveCfg = Debug|Any CPU
		{10DA0BEC-E8D6-4CED-B39D-0D0FC335B82A}.Debug|Any CPU.Build.0 = Debug|Any CPU
		{10DA0BEC-E8D6-4CED-B39D-0D0FC335B82A}.Release|Any CPU.ActiveCfg = Release|Any CPU
		{10DA0BEC-E8D6-4CED-B39D-0D0FC335B82A}.Release|Any CPU.Build.0 = Release|Any CPU
	EndGlobalSection
	GlobalSection(SolutionProperties) = preSolution
		HideSolutionNode = FALSE
	EndGlobalSection
	GlobalSection(ExtensibilityGlobals) = postSolution
		SolutionGuid = {2DDD1FE6-8E26-400C-B0DC-D41713114DFA}
	EndGlobalSection
EndGlobal
