
Microsoft Visual Studio Solution File, Format Version 12.00
# Visual Studio Version 17
VisualStudioVersion = 17.3.32922.545
MinimumVisualStudioVersion = 10.0.40219.1
Project("{F2A71F9B-5D33-465A-A702-920D77279786}") = "laba8", "laba8\laba8.fsproj", "{A6D24C78-0ACA-47DC-AB5A-40A9E0197FCA}"
EndProject
Global
	GlobalSection(SolutionConfigurationPlatforms) = preSolution
		Debug|Any CPU = Debug|Any CPU
		Release|Any CPU = Release|Any CPU
	EndGlobalSection
	GlobalSection(ProjectConfigurationPlatforms) = postSolution
		{A6D24C78-0ACA-47DC-AB5A-40A9E0197FCA}.Debug|Any CPU.ActiveCfg = Debug|Any CPU
		{A6D24C78-0ACA-47DC-AB5A-40A9E0197FCA}.Debug|Any CPU.Build.0 = Debug|Any CPU
		{A6D24C78-0ACA-47DC-AB5A-40A9E0197FCA}.Release|Any CPU.ActiveCfg = Release|Any CPU
		{A6D24C78-0ACA-47DC-AB5A-40A9E0197FCA}.Release|Any CPU.Build.0 = Release|Any CPU
	EndGlobalSection
	GlobalSection(SolutionProperties) = preSolution
		HideSolutionNode = FALSE
	EndGlobalSection
	GlobalSection(ExtensibilityGlobals) = postSolution
		SolutionGuid = {34D9FA88-E01C-4D32-9156-25ABA2879B8C}
	EndGlobalSection
EndGlobal
